github.com/CaiJimmy/hugo-theme-stack/v3 v3.16.0 h1:ZWF66g7aXA840CzsT4lv65wHSojqwY0Yj7KdvOkn5NA=
github.com/CaiJimmy/hugo-theme-stack/v3 v3.16.0/go.mod h1:IPmCXiIxlFSLFYS0tOmYP6ySLviyeNVSabyvSuaxD+I=
github.com/marcchehab/marcchehab.github.io v0.0.0-20230501201826-18dbfb91d811 h1:acud5ljVL9iMMLCB2rAsAeITRGnMpTwtCec2UHm8Thk=
github.com/marcchehab/marcchehab.github.io v0.0.0-20230501201826-18dbfb91d811/go.mod h1:38Xn11W8dz0OEzNWtRqui6zOm+ggwFhulGC9ee3Jfno=