github.com/CaiJimmy/hugo-theme-stack/v3 v3.16.0 h1:ZWF66g7aXA840CzsT4lv65wHSojqwY0Yj7KdvOkn5NA=
github.com/CaiJimmy/hugo-theme-stack/v3 v3.16.0/go.mod h1:IPmCXiIxlFSLFYS0tOmYP6ySLviyeNVSabyvSuaxD+I=
github.com/marcchehab/marcchehab.github.io v0.0.0-20230422130348-02c2b0060bfe h1:oDZ/B+brmMiZ7wABAgsD25it7ddu3DDrVpIkLIjVywU=
github.com/marcchehab/marcchehab.github.io v0.0.0-20230422130348-02c2b0060bfe/go.mod h1:38Xn11W8dz0OEzNWtRqui6zOm+ggwFhulGC9ee3Jfno=
github.com/marcchehab/marcchehab.github.io v0.0.0-20230422131602-301a6e3c3e56 h1:Kql2iG09UrAyxleSkiL/J95ZVrCsjfKqwsbkcW/G8rc=
github.com/marcchehab/marcchehab.github.io v0.0.0-20230422131602-301a6e3c3e56/go.mod h1:38Xn11W8dz0OEzNWtRqui6zOm+ggwFhulGC9ee3Jfno=
github.com/marcchehab/marcchehab.github.io v0.0.0-20230422141503-1997f88e3ae6 h1:x7dV+46P2YuxNkk8bjG2B6YuyW7XufznG3x/8G2Zgbg=
github.com/marcchehab/marcchehab.github.io v0.0.0-20230422141503-1997f88e3ae6/go.mod h1:38Xn11W8dz0OEzNWtRqui6zOm+ggwFhulGC9ee3Jfno=
github.com/marcchehab/marcchehab.github.io v0.0.0-20230422141832-0102f382a1d2 h1:e2imczH8ePYE85rS5BPNH7xlPIsWBDFZY9Y/wAHAIxo=
github.com/marcchehab/marcchehab.github.io v0.0.0-20230422141832-0102f382a1d2/go.mod h1:38Xn11W8dz0OEzNWtRqui6zOm+ggwFhulGC9ee3Jfno=
github.com/marcchehab/marcchehab.github.io v0.0.0-20230422142912-9b07c7ae2007 h1:hrmpInCZJSYUGDPzM3YGD26TITUE6br7fjqcsxDofko=
github.com/marcchehab/marcchehab.github.io v0.0.0-20230422142912-9b07c7ae2007/go.mod h1:38Xn11W8dz0OEzNWtRqui6zOm+ggwFhulGC9ee3Jfno=
github.com/marcchehab/marcchehab.github.io v0.0.0-20230422143231-94ebb13f8b3b h1:2VxzhzhYi2MjHzxAOPnaTRMInaDZzE8xUhWad5paZKE=
github.com/marcchehab/marcchehab.github.io v0.0.0-20230422143231-94ebb13f8b3b/go.mod h1:38Xn11W8dz0OEzNWtRqui6zOm+ggwFhulGC9ee3Jfno=
github.com/marcchehab/marcchehab.github.io v0.0.0-20230422143403-a6dd00d87dd1 h1:2kuVtWFb/PFFT+VLmzl+RdbpwOzPXaxhk9coA/SX0Ng=
github.com/marcchehab/marcchehab.github.io v0.0.0-20230422143403-a6dd00d87dd1/go.mod h1:38Xn11W8dz0OEzNWtRqui6zOm+ggwFhulGC9ee3Jfno=
github.com/marcchehab/marcchehab.github.io v0.0.0-20230422144657-ac62690c1654 h1:evfBbvCL+qQtW2ZAv+UOvz3QPjGJLd8tUB9Cshp1EeU=
github.com/marcchehab/marcchehab.github.io v0.0.0-20230422144657-ac62690c1654/go.mod h1:38Xn11W8dz0OEzNWtRqui6zOm+ggwFhulGC9ee3Jfno=
github.com/marcchehab/marcchehab.github.io v0.0.0-20230422150025-d3c1e36427f9 h1:IsOKBJF41W94NKn7JOGggkTm1hrCZ35j1/HjIUloDkI=
github.com/marcchehab/marcchehab.github.io v0.0.0-20230422150025-d3c1e36427f9/go.mod h1:38Xn11W8dz0OEzNWtRqui6zOm+ggwFhulGC9ee3Jfno=
github.com/marcchehab/marcchehab.github.io v0.0.0-20230423062402-737c14c7af1a h1:muNta7YP3+xns+KwfJ+0PI8oihhUEWwhiVP73NorMZY=
github.com/marcchehab/marcchehab.github.io v0.0.0-20230423062402-737c14c7af1a/go.mod h1:38Xn11W8dz0OEzNWtRqui6zOm+ggwFhulGC9ee3Jfno=
github.com/marcchehab/marcchehab.github.io v0.0.0-20230423070746-a43d404f424d h1:GhtZKOlYbMY/p6h4Ows5eFXk4H3ivV/wYQek4Dk4srI=
github.com/marcchehab/marcchehab.github.io v0.0.0-20230423070746-a43d404f424d/go.mod h1:38Xn11W8dz0OEzNWtRqui6zOm+ggwFhulGC9ee3Jfno=
github.com/marcchehab/marcchehab.github.io v0.0.0-20230423075949-2809548513cf h1:hcIos3bduokvqvAdgnU+fpScvzLGe7BpT0NFu6vHUTE=
github.com/marcchehab/marcchehab.github.io v0.0.0-20230423075949-2809548513cf/go.mod h1:38Xn11W8dz0OEzNWtRqui6zOm+ggwFhulGC9ee3Jfno=
